// !$*UTF8*$!
{
	archiveVersion = 1;
	classes = {
	};
	objectVersion = 46;
	objects = {

/* Begin PBXBuildFile section */
		007E88261E2D92CB007A7A4F /* AppDelegate.swift in Sources */ = {isa = PBXBuildFile; fileRef = 007E88251E2D92CB007A7A4F /* AppDelegate.swift */; };
		007E882B1E2D92CB007A7A4F /* Main.storyboard in Resources */ = {isa = PBXBuildFile; fileRef = 007E88291E2D92CB007A7A4F /* Main.storyboard */; };
		007E882D1E2D92CB007A7A4F /* Assets.xcassets in Resources */ = {isa = PBXBuildFile; fileRef = 007E882C1E2D92CB007A7A4F /* Assets.xcassets */; };
		007E88301E2D92CB007A7A4F /* LaunchScreen.storyboard in Resources */ = {isa = PBXBuildFile; fileRef = 007E882E1E2D92CB007A7A4F /* LaunchScreen.storyboard */; };
		00C8D78D1E2D9B5800FF0DD0 /* ListViewController.swift in Sources */ = {isa = PBXBuildFile; fileRef = 00C8D78C1E2D9B5800FF0DD0 /* ListViewController.swift */; };
		00C8D78F1E2DC3AE00FF0DD0 /* testViewController.swift in Sources */ = {isa = PBXBuildFile; fileRef = 00C8D78E1E2DC3AE00FF0DD0 /* testViewController.swift */; };
		00C8D7911E2DCE8100FF0DD0 /* testSetting.swift in Sources */ = {isa = PBXBuildFile; fileRef = 00C8D7901E2DCE8100FF0DD0 /* testSetting.swift */; };
/* End PBXBuildFile section */

/* Begin PBXFileReference section */
		007E88221E2D92CB007A7A4F /* test0117.app */ = {isa = PBXFileReference; explicitFileType = wrapper.application; includeInIndex = 0; path = test0117.app; sourceTree = BUILT_PRODUCTS_DIR; };
		007E88251E2D92CB007A7A4F /* AppDelegate.swift */ = {isa = PBXFileReference; lastKnownFileType = sourcecode.swift; path = AppDelegate.swift; sourceTree = "<group>"; };
		007E882A1E2D92CB007A7A4F /* Base */ = {isa = PBXFileReference; lastKnownFileType = file.storyboard; name = Base; path = Base.lproj/Main.storyboard; sourceTree = "<group>"; };
		007E882C1E2D92CB007A7A4F /* Assets.xcassets */ = {isa = PBXFileReference; lastKnownFileType = folder.assetcatalog; path = Assets.xcassets; sourceTree = "<group>"; };
		007E882F1E2D92CB007A7A4F /* Base */ = {isa = PBXFileReference; lastKnownFileType = file.storyboard; name = Base; path = Base.lproj/LaunchScreen.storyboard; sourceTree = "<group>"; };
		007E88311E2D92CB007A7A4F /* Info.plist */ = {isa = PBXFileReference; lastKnownFileType = text.plist.xml; path = Info.plist; sourceTree = "<group>"; };
		00C8D78C1E2D9B5800FF0DD0 /* ListViewController.swift */ = {isa = PBXFileReference; fileEncoding = 4; lastKnownFileType = sourcecode.swift; path = ListViewController.swift; sourceTree = "<group>"; };
		00C8D78E1E2DC3AE00FF0DD0 /* testViewController.swift */ = {isa = PBXFileReference; fileEncoding = 4; lastKnownFileType = sourcecode.swift; path = testViewController.swift; sourceTree = "<group>"; };
		00C8D7901E2DCE8100FF0DD0 /* testSetting.swift */ = {isa = PBXFileReference; fileEncoding = 4; lastKnownFileType = sourcecode.swift; path = testSetting.swift; sourceTree = "<group>"; };
/* End PBXFileReference section */

/* Begin PBXFrameworksBuildPhase section */
		007E881F1E2D92CB007A7A4F /* Frameworks */ = {
			isa = PBXFrameworksBuildPhase;
			buildActionMask = 2147483647;
			files = (
			);
			runOnlyForDeploymentPostprocessing = 0;
		};
/* End PBXFrameworksBuildPhase section */

/* Begin PBXGroup section */
		007E88191E2D92CA007A7A4F = {
			isa = PBXGroup;
			children = (
				007E88241E2D92CB007A7A4F /* test0117 */,
				007E88231E2D92CB007A7A4F /* Products */,
			);
			sourceTree = "<group>";
		};
		007E88231E2D92CB007A7A4F /* Products */ = {
			isa = PBXGroup;
			children = (
				007E88221E2D92CB007A7A4F /* test0117.app */,
			);
			name = Products;
			sourceTree = "<group>";
		};
		007E88241E2D92CB007A7A4F /* test0117 */ = {
			isa = PBXGroup;
			children = (
				007E88251E2D92CB007A7A4F /* AppDelegate.swift */,
				007E88291E2D92CB007A7A4F /* Main.storyboard */,
				00C8D78C1E2D9B5800FF0DD0 /* ListViewController.swift */,
				00C8D78E1E2DC3AE00FF0DD0 /* testViewController.swift */,
				00C8D7901E2DCE8100FF0DD0 /* testSetting.swift */,
				007E882C1E2D92CB007A7A4F /* Assets.xcassets */,
				007E882E1E2D92CB007A7A4F /* LaunchScreen.storyboard */,
				007E88311E2D92CB007A7A4F /* Info.plist */,
			);
			path = test0117;
			sourceTree = "<group>";
		};
/* End PBXGroup section */

/* Begin PBXNativeTarget section */
		007E88211E2D92CB007A7A4F /* test0117 */ = {
			isa = PBXNativeTarget;
			buildConfigurationList = 007E88341E2D92CB007A7A4F /* Build configuration list for PBXNativeTarget "test0117" */;
			buildPhases = (
				007E881E1E2D92CB007A7A4F /* Sources */,
				007E881F1E2D92CB007A7A4F /* Frameworks */,
				007E88201E2D92CB007A7A4F /* Resources */,
			);
			buildRules = (
			);
			dependencies = (
			);
			name = test0117;
			productName = test0117;
			productReference = 007E88221E2D92CB007A7A4F /* test0117.app */;
			productType = "com.apple.product-type.application";
		};
/* End PBXNativeTarget section */

/* Begin PBXProject section */
		007E881A1E2D92CA007A7A4F /* Project object */ = {
			isa = PBXProject;
			attributes = {
				LastSwiftUpdateCheck = 0730;
				LastUpgradeCheck = 0730;
				ORGANIZATIONNAME = "山下亮";
				TargetAttributes = {
					007E88211E2D92CB007A7A4F = {
						CreatedOnToolsVersion = 7.3.1;
						DevelopmentTeam = 6696GEY228;
					};
				};
			};
			buildConfigurationList = 007E881D1E2D92CA007A7A4F /* Build configuration list for PBXProject "test0117" */;
			compatibilityVersion = "Xcode 3.2";
			developmentRegion = English;
			hasScannedForEncodings = 0;
			knownRegions = (
				en,
				Base,
			);
			mainGroup = 007E88191E2D92CA007A7A4F;
			productRefGroup = 007E88231E2D92CB007A7A4F /* Products */;
			projectDirPath = "";
			projectRoot = "";
			targets = (
				007E88211E2D92CB007A7A4F /* test0117 */,
			);
		};
/* End PBXProject section */

/* Begin PBXResourcesBuildPhase section */
		007E88201E2D92CB007A7A4F /* Resources */ = {
			isa = PBXResourcesBuildPhase;
			buildActionMask = 2147483647;
			files = (
				007E88301E2D92CB007A7A4F /* LaunchScreen.storyboard in Resources */,
				007E882D1E2D92CB007A7A4F /* Assets.xcassets in Resources */,
				007E882B1E2D92CB007A7A4F /* Main.storyboard in Resources */,
			);
			runOnlyForDeploymentPostprocessing = 0;
		};
/* End PBXResourcesBuildPhase section */

/* Begin PBXSourcesBuildPhase section */
		007E881E1E2D92CB007A7A4F /* Sources */ = {
			isa = PBXSourcesBuildPhase;
			buildActionMask = 2147483647;
			files = (
				00C8D78F1E2DC3AE00FF0DD0 /* testViewController.swift in Sources */,
				00C8D78D1E2D9B5800FF0DD0 /* ListViewController.swift in Sources */,
				00C8D7911E2DCE8100FF0DD0 /* testSetting.swift in Sources */,
				007E88261E2D92CB007A7A4F /* AppDelegate.swift in Sources */,
			);
			runOnlyForDeploymentPostprocessing = 0;
		};
/* End PBXSourcesBuildPhase section */

/* Begin PBXVariantGroup section */
		007E88291E2D92CB007A7A4F /* Main.storyboard */ = {
			isa = PBXVariantGroup;
			children = (
				007E882A1E2D92CB007A7A4F /* Base */,
			);
			name = Main.storyboard;
			sourceTree = "<group>";
		};
		007E882E1E2D92CB007A7A4F /* LaunchScreen.storyboard */ = {
			isa = PBXVariantGroup;
			children = (
				007E882F1E2D92CB007A7A4F /* Base */,
			);
			name = LaunchScreen.storyboard;
			sourceTree = "<group>";
		};
/* End PBXVariantGroup section */

/* Begin XCBuildConfiguration section */
		007E88321E2D92CB007A7A4F /* Debug */ = {
			isa = XCBuildConfiguration;
			buildSettings = {
				ALWAYS_SEARCH_USER_PATHS = NO;
				CLANG_ANALYZER_NONNULL = YES;
				CLANG_CXX_LANGUAGE_STANDARD = "gnu++0x";
				CLANG_CXX_LIBRARY = "libc++";
				CLANG_ENABLE_MODULES = YES;
				CLANG_ENABLE_OBJC_ARC = YES;
				CLANG_WARN_BOOL_CONVERSION = YES;
				CLANG_WARN_CONSTANT_CONVERSION = YES;
				CLANG_WARN_DIRECT_OBJC_ISA_USAGE = YES_ERROR;
				CLANG_WARN_EMPTY_BODY = YES;
				CLANG_WARN_ENUM_CONVERSION = YES;
				CLANG_WARN_INT_CONVERSION = YES;
				CLANG_WARN_OBJC_ROOT_CLASS = YES_ERROR;
				CLANG_WARN_UNREACHABLE_CODE = YES;
				CLANG_WARN__DUPLICATE_METHOD_MATCH = YES;
				"CODE_SIGN_IDENTITY[sdk=iphoneos*]" = "iPhone Developer";
				COPY_PHASE_STRIP = NO;
				DEBUG_INFORMATION_FORMAT = dwarf;
				ENABLE_STRICT_OBJC_MSGSEND = YES;
				ENABLE_TESTABILITY = YES;
				GCC_C_LANGUAGE_STANDARD = gnu99;
				GCC_DYNAMIC_NO_PIC = NO;
				GCC_NO_COMMON_BLOCKS = YES;
				GCC_OPTIMIZATION_LEVEL = 0;
				GCC_PREPROCESSOR_DEFINITIONS = (
					"DEBUG=1",
					"$(inherited)",
				);
				GCC_WARN_64_TO_32_BIT_CONVERSION = YES;
				GCC_WARN_ABOUT_RETURN_TYPE = YES_ERROR;
				GCC_WARN_UNDECLARED_SELECTOR = YES;
				GCC_WARN_UNINITIALIZED_AUTOS = YES_AGGRESSIVE;
				GCC_WARN_UNUSED_FUNCTION = YES;
				GCC_WARN_UNUSED_VARIABLE = YES;
				IPHONEOS_DEPLOYMENT_TARGET = 9.3;
				MTL_ENABLE_DEBUG_INFO = YES;
				ONLY_ACTIVE_ARCH = YES;
				SDKROOT = iphoneos;
				SWIFT_OPTIMIZATION_LEVEL = "-Onone";
				TARGETED_DEVICE_FAMILY = "1,2";
			};
			name = Debug;
		};
		007E88331E2D92CB007A7A4F /* Release */ = {
			isa = XCBuildConfiguration;
			buildSettings = {
				ALWAYS_SEARCH_USER_PATHS = NO;
				CLANG_ANALYZER_NONNULL = YES;
				CLANG_CXX_LANGUAGE_STANDARD = "gnu++0x";
				CLANG_CXX_LIBRARY = "libc++";
				CLANG_ENABLE_MODULES = YES;
				CLANG_ENABLE_OBJC_ARC = YES;
				CLANG_WARN_BOOL_CONVERSION = YES;
				CLANG_WARN_CONSTANT_CONVERSION = YES;
				CLANG_WARN_DIRECT_OBJC_ISA_USAGE = YES_ERROR;
				CLANG_WARN_EMPTY_BODY = YES;
				CLANG_WARN_ENUM_CONVERSION = YES;
				CLANG_WARN_INT_CONVERSION = YES;
				CLANG_WARN_OBJC_ROOT_CLASS = YES_ERROR;
				CLANG_WARN_UNREACHABLE_CODE = YES;
				CLANG_WARN__DUPLICATE_METHOD_MATCH = YES;
				"CODE_SIGN_IDENTITY[sdk=iphoneos*]" = "iPhone Developer";
				COPY_PHASE_STRIP = NO;
				DEBUG_INFORMATION_FORMAT = "dwarf-with-dsym";
				ENABLE_NS_ASSERTIONS = NO;
				ENABLE_STRICT_OBJC_MSGSEND = YES;
				GCC_C_LANGUAGE_STANDARD = gnu99;
				GCC_NO_COMMON_BLOCKS = YES;
				GCC_WARN_64_TO_32_BIT_CONVERSION = YES;
				GCC_WARN_ABOUT_RETURN_TYPE = YES_ERROR;
				GCC_WARN_UNDECLARED_SELECTOR = YES;
				GCC_WARN_UNINITIALIZED_AUTOS = YES_AGGRESSIVE;
				GCC_WARN_UNUSED_FUNCTION = YES;
				GCC_WARN_UNUSED_VARIABLE = YES;
				IPHONEOS_DEPLOYMENT_TARGET = 9.3;
				MTL_ENABLE_DEBUG_INFO = NO;
				SDKROOT = iphoneos;
				TARGETED_DEVICE_FAMILY = "1,2";
				VALIDATE_PRODUCT = YES;
			};
			name = Release;
		};
		007E88351E2D92CB007A7A4F /* Debug */ = {
			isa = XCBuildConfiguration;
			buildSettings = {
				ASSETCATALOG_COMPILER_APPICON_NAME = AppIcon;
				CODE_SIGN_IDENTITY = "iPhone Developer";
				INFOPLIST_FILE = test0117/Info.plist;
				LD_RUNPATH_SEARCH_PATHS = "$(inherited) @executable_path/Frameworks";
				PRODUCT_BUNDLE_IDENTIFIER = edu.self.test0117;
				PRODUCT_NAME = "$(TARGET_NAME)";
			};
			name = Debug;
		};
		007E88361E2D92CB007A7A4F /* Release */ = {
			isa = XCBuildConfiguration;
			buildSettings = {
				ASSETCATALOG_COMPILER_APPICON_NAME = AppIcon;
				CODE_SIGN_IDENTITY = "iPhone Developer";
				INFOPLIST_FILE = test0117/Info.plist;
				LD_RUNPATH_SEARCH_PATHS = "$(inherited) @executable_path/Frameworks";
				PRODUCT_BUNDLE_IDENTIFIER = edu.self.test0117;
				PRODUCT_NAME = "$(TARGET_NAME)";
			};
			name = Release;
		};
/* End XCBuildConfiguration section */

/* Begin XCConfigurationList section */
		007E881D1E2D92CA007A7A4F /* Build configuration list for PBXProject "test0117" */ = {
			isa = XCConfigurationList;
			buildConfigurations = (
				007E88321E2D92CB007A7A4F /* Debug */,
				007E88331E2D92CB007A7A4F /* Release */,
			);
			defaultConfigurationIsVisible = 0;
			defaultConfigurationName = Release;
		};
		007E88341E2D92CB007A7A4F /* Build configuration list for PBXNativeTarget "test0117" */ = {
			isa = XCConfigurationList;
			buildConfigurations = (
				007E88351E2D92CB007A7A4F /* Debug */,
				007E88361E2D92CB007A7A4F /* Release */,
			);
			defaultConfigurationIsVisible = 0;
			defaultConfigurationName = Release;
		};
/* End XCConfigurationList section */
	};
	rootObject = 007E881A1E2D92CA007A7A4F /* Project object */;
}
